
Microsoft Visual Studio Solution File, Format Version 12.00
# Visual Studio Version 17
VisualStudioVersion = 17.13.35818.85
MinimumVisualStudioVersion = 10.0.40219.1
Project("{FAE04EC0-301F-11D3-BF4B-00C04F79EFBC}") = "MainBoard", "MainBoard\MainBoard.csproj", "{30B47113-FF23-4142-8347-78C10F683E1F}"
EndProject
Project("{FAE04EC0-301F-11D3-BF4B-00C04F79EFBC}") = "OldConsole", "OldConsole\OldConsole.csproj", "{473B6C39-5926-4283-97B0-EAE9409CF03E}"
EndProject
Project("{FAE04EC0-301F-11D3-BF4B-00C04F79EFBC}") = "NewConsole", "NewConsole1\NewConsole.csproj", "{1F7EED34-C7F0-42D1-A8F9-6EA9F7D773DD}"
EndProject
Global
	GlobalSection(SolutionConfigurationPlatforms) = preSolution
		Debug|Any CPU = Debug|Any CPU
		Release|Any CPU = Release|Any CPU
	EndGlobalSection
	GlobalSection(ProjectConfigurationPlatforms) = postSolution
		{30B47113-FF23-4142-8347-78C10F683E1F}.Debug|Any CPU.ActiveCfg = Debug|Any CPU
		{30B47113-FF23-4142-8347-78C10F683E1F}.Debug|Any CPU.Build.0 = Debug|Any CPU
		{30B47113-FF23-4142-8347-78C10F683E1F}.Release|Any CPU.ActiveCfg = Release|Any CPU
		{30B47113-FF23-4142-8347-78C10F683E1F}.Release|Any CPU.Build.0 = Release|Any CPU
		{473B6C39-5926-4283-97B0-EAE9409CF03E}.Debug|Any CPU.ActiveCfg = Debug|Any CPU
		{473B6C39-5926-4283-97B0-EAE9409CF03E}.Debug|Any CPU.Build.0 = Debug|Any CPU
		{473B6C39-5926-4283-97B0-EAE9409CF03E}.Release|Any CPU.ActiveCfg = Release|Any CPU
		{473B6C39-5926-4283-97B0-EAE9409CF03E}.Release|Any CPU.Build.0 = Release|Any CPU
		{1F7EED34-C7F0-42D1-A8F9-6EA9F7D773DD}.Debug|Any CPU.ActiveCfg = Debug|Any CPU
		{1F7EED34-C7F0-42D1-A8F9-6EA9F7D773DD}.Debug|Any CPU.Build.0 = Debug|Any CPU
		{1F7EED34-C7F0-42D1-A8F9-6EA9F7D773DD}.Release|Any CPU.ActiveCfg = Release|Any CPU
		{1F7EED34-C7F0-42D1-A8F9-6EA9F7D773DD}.Release|Any CPU.Build.0 = Release|Any CPU
	EndGlobalSection
	GlobalSection(SolutionProperties) = preSolution
		HideSolutionNode = FALSE
	EndGlobalSection
	GlobalSection(ExtensibilityGlobals) = postSolution
		SolutionGuid = {47D2E5FC-9CFA-46EB-98E3-A50A55DCC4B6}
	EndGlobalSection
EndGlobal
